
Microsoft Visual Studio Solution File, Format Version 12.00
# Visual Studio Version 17
VisualStudioVersion = 17.2.32616.157
MinimumVisualStudioVersion = 10.0.40219.1
Project("{FAE04EC0-301F-11D3-BF4B-00C04F79EFBC}") = "Projekat", "Projekat\Projekat.csproj", "{C7811D21-E16C-45AE-9ED1-AA34E556177E}"
EndProject
Global
	GlobalSection(SolutionConfigurationPlatforms) = preSolution
		Debug|Any CPU = Debug|Any CPU
		Release|Any CPU = Release|Any CPU
	EndGlobalSection
	GlobalSection(ProjectConfigurationPlatforms) = postSolution
		{C7811D21-E16C-45AE-9ED1-AA34E556177E}.Debug|Any CPU.ActiveCfg = Debug|Any CPU
		{C7811D21-E16C-45AE-9ED1-AA34E556177E}.Debug|Any CPU.Build.0 = Debug|Any CPU
		{C7811D21-E16C-45AE-9ED1-AA34E556177E}.Release|Any CPU.ActiveCfg = Release|Any CPU
		{C7811D21-E16C-45AE-9ED1-AA34E556177E}.Release|Any CPU.Build.0 = Release|Any CPU
	EndGlobalSection
	GlobalSection(SolutionProperties) = preSolution
		HideSolutionNode = FALSE
	EndGlobalSection
	GlobalSection(ExtensibilityGlobals) = postSolution
		SolutionGuid = {8065948B-CE4D-4BA8-AA17-66DE9AC149E4}
	EndGlobalSection
EndGlobal
